
Microsoft Visual Studio Solution File, Format Version 11.00
# Visual Studio 2010
Project("{FAE04EC0-301F-11D3-BF4B-00C04F79EFBC}") = "Zinnia.Runtime", "Zinnia.Runtime.csproj", "{B83B68C2-2F1B-666C-0ADD-0491F3522C53}"
EndProject
Project("{FAE04EC0-301F-11D3-BF4B-00C04F79EFBC}") = "Assembly-CSharp", "Assembly-CSharp.csproj", "{956B06C3-B0B5-8AED-0C54-088616A18004}"
EndProject
Project("{FAE04EC0-301F-11D3-BF4B-00C04F79EFBC}") = "VRTK.Prefabs.Runtime", "VRTK.Prefabs.Runtime.csproj", "{63C8ECDE-2726-077F-B6C7-76C8FCC77E40}"
EndProject
Project("{FAE04EC0-301F-11D3-BF4B-00C04F79EFBC}") = "Zinnia.Tests.Editor", "Zinnia.Tests.Editor.csproj", "{FE538258-931D-AE98-6A5C-818D8ABC110C}"
EndProject
Project("{FAE04EC0-301F-11D3-BF4B-00C04F79EFBC}") = "VRTK.Samples.Farm.Runtime", "VRTK.Samples.Farm.Runtime.csproj", "{14C7026D-B638-EAE9-7CDF-A26CD9348C5F}"
EndProject
Project("{FAE04EC0-301F-11D3-BF4B-00C04F79EFBC}") = "Zinnia.Tests.Utility", "Zinnia.Tests.Utility.csproj", "{39B93EA1-6530-DBAD-1D17-CDC78DDC939C}"
EndProject
Project("{FAE04EC0-301F-11D3-BF4B-00C04F79EFBC}") = "Assembly-CSharp-Editor", "Assembly-CSharp-Editor.csproj", "{A9C5AB31-F4FD-AC09-7B35-11F65159502D}"
EndProject
Project("{FAE04EC0-301F-11D3-BF4B-00C04F79EFBC}") = "Zinnia.Editor", "Zinnia.Editor.csproj", "{42EC4AF6-7E4C-46DD-4757-485D4ACC37B2}"
EndProject
Project("{FAE04EC0-301F-11D3-BF4B-00C04F79EFBC}") = "VRTK.Samples.Farm.Editor", "VRTK.Samples.Farm.Editor.csproj", "{3CDC9850-F9C3-05D5-AA47-D8DB79A6B75D}"
EndProject
Project("{FAE04EC0-301F-11D3-BF4B-00C04F79EFBC}") = "Supyrb.Editor", "Supyrb.Editor.csproj", "{AE541C5A-3B9F-3636-1A04-69C4EE46AAC8}"
EndProject
Global
	GlobalSection(SolutionConfigurationPlatforms) = preSolution
		Debug|Any CPU = Debug|Any CPU
		Release|Any CPU = Release|Any CPU
	EndGlobalSection
	GlobalSection(ProjectConfigurationPlatforms) = postSolution
		{B83B68C2-2F1B-666C-0ADD-0491F3522C53}.Debug|Any CPU.ActiveCfg = Debug|Any CPU
		{B83B68C2-2F1B-666C-0ADD-0491F3522C53}.Debug|Any CPU.Build.0 = Debug|Any CPU
		{B83B68C2-2F1B-666C-0ADD-0491F3522C53}.Release|Any CPU.ActiveCfg = Release|Any CPU
		{B83B68C2-2F1B-666C-0ADD-0491F3522C53}.Release|Any CPU.Build.0 = Release|Any CPU
		{956B06C3-B0B5-8AED-0C54-088616A18004}.Debug|Any CPU.ActiveCfg = Debug|Any CPU
		{956B06C3-B0B5-8AED-0C54-088616A18004}.Debug|Any CPU.Build.0 = Debug|Any CPU
		{956B06C3-B0B5-8AED-0C54-088616A18004}.Release|Any CPU.ActiveCfg = Release|Any CPU
		{956B06C3-B0B5-8AED-0C54-088616A18004}.Release|Any CPU.Build.0 = Release|Any CPU
		{63C8ECDE-2726-077F-B6C7-76C8FCC77E40}.Debug|Any CPU.ActiveCfg = Debug|Any CPU
		{63C8ECDE-2726-077F-B6C7-76C8FCC77E40}.Debug|Any CPU.Build.0 = Debug|Any CPU
		{63C8ECDE-2726-077F-B6C7-76C8FCC77E40}.Release|Any CPU.ActiveCfg = Release|Any CPU
		{63C8ECDE-2726-077F-B6C7-76C8FCC77E40}.Release|Any CPU.Build.0 = Release|Any CPU
		{FE538258-931D-AE98-6A5C-818D8ABC110C}.Debug|Any CPU.ActiveCfg = Debug|Any CPU
		{FE538258-931D-AE98-6A5C-818D8ABC110C}.Debug|Any CPU.Build.0 = Debug|Any CPU
		{FE538258-931D-AE98-6A5C-818D8ABC110C}.Release|Any CPU.ActiveCfg = Release|Any CPU
		{FE538258-931D-AE98-6A5C-818D8ABC110C}.Release|Any CPU.Build.0 = Release|Any CPU
		{14C7026D-B638-EAE9-7CDF-A26CD9348C5F}.Debug|Any CPU.ActiveCfg = Debug|Any CPU
		{14C7026D-B638-EAE9-7CDF-A26CD9348C5F}.Debug|Any CPU.Build.0 = Debug|Any CPU
		{14C7026D-B638-EAE9-7CDF-A26CD9348C5F}.Release|Any CPU.ActiveCfg = Release|Any CPU
		{14C7026D-B638-EAE9-7CDF-A26CD9348C5F}.Release|Any CPU.Build.0 = Release|Any CPU
		{39B93EA1-6530-DBAD-1D17-CDC78DDC939C}.Debug|Any CPU.ActiveCfg = Debug|Any CPU
		{39B93EA1-6530-DBAD-1D17-CDC78DDC939C}.Debug|Any CPU.Build.0 = Debug|Any CPU
		{39B93EA1-6530-DBAD-1D17-CDC78DDC939C}.Release|Any CPU.ActiveCfg = Release|Any CPU
		{39B93EA1-6530-DBAD-1D17-CDC78DDC939C}.Release|Any CPU.Build.0 = Release|Any CPU
		{A9C5AB31-F4FD-AC09-7B35-11F65159502D}.Debug|Any CPU.ActiveCfg = Debug|Any CPU
		{A9C5AB31-F4FD-AC09-7B35-11F65159502D}.Debug|Any CPU.Build.0 = Debug|Any CPU
		{A9C5AB31-F4FD-AC09-7B35-11F65159502D}.Release|Any CPU.ActiveCfg = Release|Any CPU
		{A9C5AB31-F4FD-AC09-7B35-11F65159502D}.Release|Any CPU.Build.0 = Release|Any CPU
		{42EC4AF6-7E4C-46DD-4757-485D4ACC37B2}.Debug|Any CPU.ActiveCfg = Debug|Any CPU
		{42EC4AF6-7E4C-46DD-4757-485D4ACC37B2}.Debug|Any CPU.Build.0 = Debug|Any CPU
		{42EC4AF6-7E4C-46DD-4757-485D4ACC37B2}.Release|Any CPU.ActiveCfg = Release|Any CPU
		{42EC4AF6-7E4C-46DD-4757-485D4ACC37B2}.Release|Any CPU.Build.0 = Release|Any CPU
		{3CDC9850-F9C3-05D5-AA47-D8DB79A6B75D}.Debug|Any CPU.ActiveCfg = Debug|Any CPU
		{3CDC9850-F9C3-05D5-AA47-D8DB79A6B75D}.Debug|Any CPU.Build.0 = Debug|Any CPU
		{3CDC9850-F9C3-05D5-AA47-D8DB79A6B75D}.Release|Any CPU.ActiveCfg = Release|Any CPU
		{3CDC9850-F9C3-05D5-AA47-D8DB79A6B75D}.Release|Any CPU.Build.0 = Release|Any CPU
		{AE541C5A-3B9F-3636-1A04-69C4EE46AAC8}.Debug|Any CPU.ActiveCfg = Debug|Any CPU
		{AE541C5A-3B9F-3636-1A04-69C4EE46AAC8}.Debug|Any CPU.Build.0 = Debug|Any CPU
		{AE541C5A-3B9F-3636-1A04-69C4EE46AAC8}.Release|Any CPU.ActiveCfg = Release|Any CPU
		{AE541C5A-3B9F-3636-1A04-69C4EE46AAC8}.Release|Any CPU.Build.0 = Release|Any CPU
	EndGlobalSection
	GlobalSection(SolutionProperties) = preSolution
		HideSolutionNode = FALSE
	EndGlobalSection
	GlobalSection(MonoDevelopProperties) = preSolution
		StartupItem = Assembly-CSharp.csproj
	EndGlobalSection
EndGlobal
