
Microsoft Visual Studio Solution File, Format Version 12.00
# Visual Studio Version 16
VisualStudioVersion = 16.0.31624.102
MinimumVisualStudioVersion = 10.0.40219.1
Project("{8BC9CEB8-8B4A-11D0-8D11-00A0C91BC942}") = "Density-DLL", "Density DLL.vcxproj", "{B0102CA5-33DF-4DD4-9DC7-419BD9CADEEA}"
EndProject
Global
	GlobalSection(SolutionConfigurationPlatforms) = preSolution
		Debug|x64 = Debug|x64
		Debug|x86 = Debug|x86
		Release|x64 = Release|x64
		Release|x86 = Release|x86
	EndGlobalSection
	GlobalSection(ProjectConfigurationPlatforms) = postSolution
		{B0102CA5-33DF-4DD4-9DC7-419BD9CADEEA}.Debug|x64.ActiveCfg = Debug|x64
		{B0102CA5-33DF-4DD4-9DC7-419BD9CADEEA}.Debug|x64.Build.0 = Debug|x64
		{B0102CA5-33DF-4DD4-9DC7-419BD9CADEEA}.Debug|x86.ActiveCfg = Debug|Win32
		{B0102CA5-33DF-4DD4-9DC7-419BD9CADEEA}.Debug|x86.Build.0 = Debug|Win32
		{B0102CA5-33DF-4DD4-9DC7-419BD9CADEEA}.Release|x64.ActiveCfg = Release|x64
		{B0102CA5-33DF-4DD4-9DC7-419BD9CADEEA}.Release|x64.Build.0 = Release|x64
		{B0102CA5-33DF-4DD4-9DC7-419BD9CADEEA}.Release|x86.ActiveCfg = Release|Win32
		{B0102CA5-33DF-4DD4-9DC7-419BD9CADEEA}.Release|x86.Build.0 = Release|Win32
	EndGlobalSection
	GlobalSection(SolutionProperties) = preSolution
		HideSolutionNode = FALSE
	EndGlobalSection
	GlobalSection(ExtensibilityGlobals) = postSolution
		SolutionGuid = {728808D4-46C5-49E2-9749-AE6027AAAB5F}
	EndGlobalSection
EndGlobal
